
Microsoft Visual Studio Solution File, Format Version 12.00
# Visual Studio Version 16
VisualStudioVersion = 16.0.29613.14
MinimumVisualStudioVersion = 10.0.40219.1
Project("{FAE04EC0-301F-11D3-BF4B-00C04F79EFBC}") = "C_SharpExampleProgram", "C_SharpExamples\C_SharpExampleProgram.csproj", "{FFDF7DAB-F9B0-4467-B712-134D59CBE965}"
EndProject
Project("{FAE04EC0-301F-11D3-BF4B-00C04F79EFBC}") = "C_SharpExamplesLib", "C_SharpExamplesLib\C_SharpExamplesLib.csproj", "{71F15277-5F86-4DE9-B9EC-E8214D414820}"
EndProject
Project("{FAE04EC0-301F-11D3-BF4B-00C04F79EFBC}") = "AccessiblityOtherProject", "C_SharpAccessiblity2\AccessiblityOtherProject.csproj", "{4C0DF4C4-7FA3-41AF-BA8E-51255538C0DF}"
EndProject
Project("{FAE04EC0-301F-11D3-BF4B-00C04F79EFBC}") = "AccessibilityProject", "AccessibilityLibrary\AccessibilityProject.csproj", "{2BE2A02E-14B7-4171-8AF0-175B1743EB3B}"
EndProject
Project("{2150E333-8FDC-42A3-9474-1A3956D46DE8}") = "Solution Items", "Solution Items", "{822B9D4A-5E74-4A32-960C-2B3D7F9FEEEA}"
	ProjectSection(SolutionItems) = preProject
		.editorconfig = .editorconfig
	EndProjectSection
EndProject
Project("{FAE04EC0-301F-11D3-BF4B-00C04F79EFBC}") = "UnitTest", "UnitTest\UnitTest.csproj", "{FB47993A-3F35-4755-B856-95DE7C3CD80D}"
EndProject
Project("{9A19103F-16F7-4668-BE54-9A1E7A4F7556}") = "CSharpCore", "CSharpCore\CSharpCore.csproj", "{2A4F8D2E-82BB-4C46-9B71-F8C327726545}"
EndProject
Project("{9A19103F-16F7-4668-BE54-9A1E7A4F7556}") = "NetCoreUnitTest", "NetCoreUnitTest\NetCoreUnitTest.csproj", "{235AB3F0-75F4-4D04-95A0-5069822705FA}"
EndProject
Project("{2150E333-8FDC-42A3-9474-1A3956D46DE8}") = "NetCore", "NetCore", "{B32A1DBE-FB06-4CAE-8DBC-FF58AA59D061}"
EndProject
Project("{FAE04EC0-301F-11D3-BF4B-00C04F79EFBC}") = "CSharpNaming", "CSharpNaming\CSharpNaming.csproj", "{E2D0B6BD-92E5-4CE8-B73F-DF6EE94A0DED}"
EndProject
Global
	GlobalSection(SolutionConfigurationPlatforms) = preSolution
		Debug|Any CPU = Debug|Any CPU
		Release|Any CPU = Release|Any CPU
	EndGlobalSection
	GlobalSection(ProjectConfigurationPlatforms) = postSolution
		{FFDF7DAB-F9B0-4467-B712-134D59CBE965}.Debug|Any CPU.ActiveCfg = Debug|Any CPU
		{FFDF7DAB-F9B0-4467-B712-134D59CBE965}.Debug|Any CPU.Build.0 = Debug|Any CPU
		{FFDF7DAB-F9B0-4467-B712-134D59CBE965}.Release|Any CPU.ActiveCfg = Release|Any CPU
		{FFDF7DAB-F9B0-4467-B712-134D59CBE965}.Release|Any CPU.Build.0 = Release|Any CPU
		{71F15277-5F86-4DE9-B9EC-E8214D414820}.Debug|Any CPU.ActiveCfg = Debug|Any CPU
		{71F15277-5F86-4DE9-B9EC-E8214D414820}.Debug|Any CPU.Build.0 = Debug|Any CPU
		{71F15277-5F86-4DE9-B9EC-E8214D414820}.Release|Any CPU.ActiveCfg = Release|Any CPU
		{71F15277-5F86-4DE9-B9EC-E8214D414820}.Release|Any CPU.Build.0 = Release|Any CPU
		{4C0DF4C4-7FA3-41AF-BA8E-51255538C0DF}.Debug|Any CPU.ActiveCfg = Debug|Any CPU
		{4C0DF4C4-7FA3-41AF-BA8E-51255538C0DF}.Debug|Any CPU.Build.0 = Debug|Any CPU
		{4C0DF4C4-7FA3-41AF-BA8E-51255538C0DF}.Release|Any CPU.ActiveCfg = Release|Any CPU
		{4C0DF4C4-7FA3-41AF-BA8E-51255538C0DF}.Release|Any CPU.Build.0 = Release|Any CPU
		{2BE2A02E-14B7-4171-8AF0-175B1743EB3B}.Debug|Any CPU.ActiveCfg = Debug|Any CPU
		{2BE2A02E-14B7-4171-8AF0-175B1743EB3B}.Debug|Any CPU.Build.0 = Debug|Any CPU
		{2BE2A02E-14B7-4171-8AF0-175B1743EB3B}.Release|Any CPU.ActiveCfg = Release|Any CPU
		{2BE2A02E-14B7-4171-8AF0-175B1743EB3B}.Release|Any CPU.Build.0 = Release|Any CPU
		{FB47993A-3F35-4755-B856-95DE7C3CD80D}.Debug|Any CPU.ActiveCfg = Debug|Any CPU
		{FB47993A-3F35-4755-B856-95DE7C3CD80D}.Debug|Any CPU.Build.0 = Debug|Any CPU
		{FB47993A-3F35-4755-B856-95DE7C3CD80D}.Release|Any CPU.ActiveCfg = Release|Any CPU
		{FB47993A-3F35-4755-B856-95DE7C3CD80D}.Release|Any CPU.Build.0 = Release|Any CPU
		{2A4F8D2E-82BB-4C46-9B71-F8C327726545}.Debug|Any CPU.ActiveCfg = Debug|Any CPU
		{2A4F8D2E-82BB-4C46-9B71-F8C327726545}.Debug|Any CPU.Build.0 = Debug|Any CPU
		{2A4F8D2E-82BB-4C46-9B71-F8C327726545}.Release|Any CPU.ActiveCfg = Release|Any CPU
		{2A4F8D2E-82BB-4C46-9B71-F8C327726545}.Release|Any CPU.Build.0 = Release|Any CPU
		{235AB3F0-75F4-4D04-95A0-5069822705FA}.Debug|Any CPU.ActiveCfg = Debug|Any CPU
		{235AB3F0-75F4-4D04-95A0-5069822705FA}.Debug|Any CPU.Build.0 = Debug|Any CPU
		{235AB3F0-75F4-4D04-95A0-5069822705FA}.Release|Any CPU.ActiveCfg = Release|Any CPU
		{235AB3F0-75F4-4D04-95A0-5069822705FA}.Release|Any CPU.Build.0 = Release|Any CPU
		{E2D0B6BD-92E5-4CE8-B73F-DF6EE94A0DED}.Debug|Any CPU.ActiveCfg = Debug|Any CPU
		{E2D0B6BD-92E5-4CE8-B73F-DF6EE94A0DED}.Debug|Any CPU.Build.0 = Debug|Any CPU
		{E2D0B6BD-92E5-4CE8-B73F-DF6EE94A0DED}.Release|Any CPU.ActiveCfg = Release|Any CPU
		{E2D0B6BD-92E5-4CE8-B73F-DF6EE94A0DED}.Release|Any CPU.Build.0 = Release|Any CPU
	EndGlobalSection
	GlobalSection(SolutionProperties) = preSolution
		HideSolutionNode = FALSE
	EndGlobalSection
	GlobalSection(NestedProjects) = preSolution
		{2A4F8D2E-82BB-4C46-9B71-F8C327726545} = {B32A1DBE-FB06-4CAE-8DBC-FF58AA59D061}
		{235AB3F0-75F4-4D04-95A0-5069822705FA} = {B32A1DBE-FB06-4CAE-8DBC-FF58AA59D061}
	EndGlobalSection
	GlobalSection(ExtensibilityGlobals) = postSolution
		SolutionGuid = {EF76469A-F964-487D-9866-B74BE4116053}
	EndGlobalSection
EndGlobal
